// !$*UTF8*$!
{
	archiveVersion = 1;
	classes = {
	};
	objectVersion = 46;
	objects = {

/* Begin PBXBuildFile section */
		0DAE47B51BCC6BCF00CC5CA4 /* AppDelegate.swift in Sources */ = {isa = PBXBuildFile; fileRef = 0DAE47B41BCC6BCF00CC5CA4 /* AppDelegate.swift */; };
		0DAE47B71BCC6BCF00CC5CA4 /* ViewController.swift in Sources */ = {isa = PBXBuildFile; fileRef = 0DAE47B61BCC6BCF00CC5CA4 /* ViewController.swift */; };
		0DAE47BA1BCC6BCF00CC5CA4 /* Main.storyboard in Resources */ = {isa = PBXBuildFile; fileRef = 0DAE47B81BCC6BCF00CC5CA4 /* Main.storyboard */; };
		0DAE47BD1BCC6BCF00CC5CA4 /* MyContacts.xcdatamodeld in Sources */ = {isa = PBXBuildFile; fileRef = 0DAE47BB1BCC6BCF00CC5CA4 /* MyContacts.xcdatamodeld */; };
		0DAE47BF1BCC6BCF00CC5CA4 /* Assets.xcassets in Resources */ = {isa = PBXBuildFile; fileRef = 0DAE47BE1BCC6BCF00CC5CA4 /* Assets.xcassets */; };
		0DAE47C21BCC6BCF00CC5CA4 /* LaunchScreen.storyboard in Resources */ = {isa = PBXBuildFile; fileRef = 0DAE47C01BCC6BCF00CC5CA4 /* LaunchScreen.storyboard */; };
		0DAE47CD1BCC6BCF00CC5CA4 /* MyContactsTests.swift in Sources */ = {isa = PBXBuildFile; fileRef = 0DAE47CC1BCC6BCF00CC5CA4 /* MyContactsTests.swift */; };
		0DAE47D81BCC6BCF00CC5CA4 /* MyContactsUITests.swift in Sources */ = {isa = PBXBuildFile; fileRef = 0DAE47D71BCC6BCF00CC5CA4 /* MyContactsUITests.swift */; };
		0DAE47E71BCC6C2100CC5CA4 /* Contact+CoreDataProperties.swift in Sources */ = {isa = PBXBuildFile; fileRef = 0DAE47E51BCC6C2100CC5CA4 /* Contact+CoreDataProperties.swift */; settings = {ASSET_TAGS = (); }; };
		0DAE47E81BCC6C2100CC5CA4 /* Contact.swift in Sources */ = {isa = PBXBuildFile; fileRef = 0DAE47E61BCC6C2100CC5CA4 /* Contact.swift */; settings = {ASSET_TAGS = (); }; };
		0DAE47EA1BCC7DBC00CC5CA4 /* ContactTableViewController.swift in Sources */ = {isa = PBXBuildFile; fileRef = 0DAE47E91BCC7DBC00CC5CA4 /* ContactTableViewController.swift */; settings = {ASSET_TAGS = (); }; };
/* End PBXBuildFile section */

/* Begin PBXContainerItemProxy section */
		0DAE47C91BCC6BCF00CC5CA4 /* PBXContainerItemProxy */ = {
			isa = PBXContainerItemProxy;
			containerPortal = 0DAE47A91BCC6BCF00CC5CA4 /* Project object */;
			proxyType = 1;
			remoteGlobalIDString = 0DAE47B01BCC6BCF00CC5CA4;
			remoteInfo = MyContacts;
		};
		0DAE47D41BCC6BCF00CC5CA4 /* PBXContainerItemProxy */ = {
			isa = PBXContainerItemProxy;
			containerPortal = 0DAE47A91BCC6BCF00CC5CA4 /* Project object */;
			proxyType = 1;
			remoteGlobalIDString = 0DAE47B01BCC6BCF00CC5CA4;
			remoteInfo = MyContacts;
		};
/* End PBXContainerItemProxy section */

/* Begin PBXFileReference section */
		0DAE47B11BCC6BCF00CC5CA4 /* MyContacts.app */ = {isa = PBXFileReference; explicitFileType = wrapper.application; includeInIndex = 0; path = MyContacts.app; sourceTree = BUILT_PRODUCTS_DIR; };
		0DAE47B41BCC6BCF00CC5CA4 /* AppDelegate.swift */ = {isa = PBXFileReference; lastKnownFileType = sourcecode.swift; path = AppDelegate.swift; sourceTree = "<group>"; };
		0DAE47B61BCC6BCF00CC5CA4 /* ViewController.swift */ = {isa = PBXFileReference; lastKnownFileType = sourcecode.swift; path = ViewController.swift; sourceTree = "<group>"; };
		0DAE47B91BCC6BCF00CC5CA4 /* Base */ = {isa = PBXFileReference; lastKnownFileType = file.storyboard; name = Base; path = Base.lproj/Main.storyboard; sourceTree = "<group>"; };
		0DAE47BC1BCC6BCF00CC5CA4 /* MyContacts.xcdatamodel */ = {isa = PBXFileReference; lastKnownFileType = wrapper.xcdatamodel; path = MyContacts.xcdatamodel; sourceTree = "<group>"; };
		0DAE47BE1BCC6BCF00CC5CA4 /* Assets.xcassets */ = {isa = PBXFileReference; lastKnownFileType = folder.assetcatalog; path = Assets.xcassets; sourceTree = "<group>"; };
		0DAE47C11BCC6BCF00CC5CA4 /* Base */ = {isa = PBXFileReference; lastKnownFileType = file.storyboard; name = Base; path = Base.lproj/LaunchScreen.storyboard; sourceTree = "<group>"; };
		0DAE47C31BCC6BCF00CC5CA4 /* Info.plist */ = {isa = PBXFileReference; lastKnownFileType = text.plist.xml; path = Info.plist; sourceTree = "<group>"; };
		0DAE47C81BCC6BCF00CC5CA4 /* MyContactsTests.xctest */ = {isa = PBXFileReference; explicitFileType = wrapper.cfbundle; includeInIndex = 0; path = MyContactsTests.xctest; sourceTree = BUILT_PRODUCTS_DIR; };
		0DAE47CC1BCC6BCF00CC5CA4 /* MyContactsTests.swift */ = {isa = PBXFileReference; lastKnownFileType = sourcecode.swift; path = MyContactsTests.swift; sourceTree = "<group>"; };
		0DAE47CE1BCC6BCF00CC5CA4 /* Info.plist */ = {isa = PBXFileReference; lastKnownFileType = text.plist.xml; path = Info.plist; sourceTree = "<group>"; };
		0DAE47D31BCC6BCF00CC5CA4 /* MyContactsUITests.xctest */ = {isa = PBXFileReference; explicitFileType = wrapper.cfbundle; includeInIndex = 0; path = MyContactsUITests.xctest; sourceTree = BUILT_PRODUCTS_DIR; };
		0DAE47D71BCC6BCF00CC5CA4 /* MyContactsUITests.swift */ = {isa = PBXFileReference; lastKnownFileType = sourcecode.swift; path = MyContactsUITests.swift; sourceTree = "<group>"; };
		0DAE47D91BCC6BCF00CC5CA4 /* Info.plist */ = {isa = PBXFileReference; lastKnownFileType = text.plist.xml; path = Info.plist; sourceTree = "<group>"; };
		0DAE47E51BCC6C2100CC5CA4 /* Contact+CoreDataProperties.swift */ = {isa = PBXFileReference; fileEncoding = 4; lastKnownFileType = sourcecode.swift; path = "Contact+CoreDataProperties.swift"; sourceTree = "<group>"; };
		0DAE47E61BCC6C2100CC5CA4 /* Contact.swift */ = {isa = PBXFileReference; fileEncoding = 4; lastKnownFileType = sourcecode.swift; path = Contact.swift; sourceTree = "<group>"; };
		0DAE47E91BCC7DBC00CC5CA4 /* ContactTableViewController.swift */ = {isa = PBXFileReference; fileEncoding = 4; lastKnownFileType = sourcecode.swift; path = ContactTableViewController.swift; sourceTree = "<group>"; };
/* End PBXFileReference section */

/* Begin PBXFrameworksBuildPhase section */
		0DAE47AE1BCC6BCF00CC5CA4 /* Frameworks */ = {
			isa = PBXFrameworksBuildPhase;
			buildActionMask = 2147483647;
			files = (
			);
			runOnlyForDeploymentPostprocessing = 0;
		};
		0DAE47C51BCC6BCF00CC5CA4 /* Frameworks */ = {
			isa = PBXFrameworksBuildPhase;
			buildActionMask = 2147483647;
			files = (
			);
			runOnlyForDeploymentPostprocessing = 0;
		};
		0DAE47D01BCC6BCF00CC5CA4 /* Frameworks */ = {
			isa = PBXFrameworksBuildPhase;
			buildActionMask = 2147483647;
			files = (
			);
			runOnlyForDeploymentPostprocessing = 0;
		};
/* End PBXFrameworksBuildPhase section */

/* Begin PBXGroup section */
		0DAE47A81BCC6BCF00CC5CA4 = {
			isa = PBXGroup;
			children = (
				0DAE47E91BCC7DBC00CC5CA4 /* ContactTableViewController.swift */,
				0DAE47E51BCC6C2100CC5CA4 /* Contact+CoreDataProperties.swift */,
				0DAE47E61BCC6C2100CC5CA4 /* Contact.swift */,
				0DAE47B31BCC6BCF00CC5CA4 /* MyContacts */,
				0DAE47CB1BCC6BCF00CC5CA4 /* MyContactsTests */,
				0DAE47D61BCC6BCF00CC5CA4 /* MyContactsUITests */,
				0DAE47B21BCC6BCF00CC5CA4 /* Products */,
			);
			sourceTree = "<group>";
		};
		0DAE47B21BCC6BCF00CC5CA4 /* Products */ = {
			isa = PBXGroup;
			children = (
				0DAE47B11BCC6BCF00CC5CA4 /* MyContacts.app */,
				0DAE47C81BCC6BCF00CC5CA4 /* MyContactsTests.xctest */,
				0DAE47D31BCC6BCF00CC5CA4 /* MyContactsUITests.xctest */,
			);
			name = Products;
			sourceTree = "<group>";
		};
		0DAE47B31BCC6BCF00CC5CA4 /* MyContacts */ = {
			isa = PBXGroup;
			children = (
				0DAE47B41BCC6BCF00CC5CA4 /* AppDelegate.swift */,
				0DAE47B61BCC6BCF00CC5CA4 /* ViewController.swift */,
				0DAE47B81BCC6BCF00CC5CA4 /* Main.storyboard */,
				0DAE47BE1BCC6BCF00CC5CA4 /* Assets.xcassets */,
				0DAE47C01BCC6BCF00CC5CA4 /* LaunchScreen.storyboard */,
				0DAE47C31BCC6BCF00CC5CA4 /* Info.plist */,
				0DAE47BB1BCC6BCF00CC5CA4 /* MyContacts.xcdatamodeld */,
			);
			path = MyContacts;
			sourceTree = "<group>";
		};
		0DAE47CB1BCC6BCF00CC5CA4 /* MyContactsTests */ = {
			isa = PBXGroup;
			children = (
				0DAE47CC1BCC6BCF00CC5CA4 /* MyContactsTests.swift */,
				0DAE47CE1BCC6BCF00CC5CA4 /* Info.plist */,
			);
			path = MyContactsTests;
			sourceTree = "<group>";
		};
		0DAE47D61BCC6BCF00CC5CA4 /* MyContactsUITests */ = {
			isa = PBXGroup;
			children = (
				0DAE47D71BCC6BCF00CC5CA4 /* MyContactsUITests.swift */,
				0DAE47D91BCC6BCF00CC5CA4 /* Info.plist */,
			);
			path = MyContactsUITests;
			sourceTree = "<group>";
		};
/* End PBXGroup section */

/* Begin PBXNativeTarget section */
		0DAE47B01BCC6BCF00CC5CA4 /* MyContacts */ = {
			isa = PBXNativeTarget;
			buildConfigurationList = 0DAE47DC1BCC6BCF00CC5CA4 /* Build configuration list for PBXNativeTarget "MyContacts" */;
			buildPhases = (
				0DAE47AD1BCC6BCF00CC5CA4 /* Sources */,
				0DAE47AE1BCC6BCF00CC5CA4 /* Frameworks */,
				0DAE47AF1BCC6BCF00CC5CA4 /* Resources */,
			);
			buildRules = (
			);
			dependencies = (
			);
			name = MyContacts;
			productName = MyContacts;
			productReference = 0DAE47B11BCC6BCF00CC5CA4 /* MyContacts.app */;
			productType = "com.apple.product-type.application";
		};
		0DAE47C71BCC6BCF00CC5CA4 /* MyContactsTests */ = {
			isa = PBXNativeTarget;
			buildConfigurationList = 0DAE47DF1BCC6BCF00CC5CA4 /* Build configuration list for PBXNativeTarget "MyContactsTests" */;
			buildPhases = (
				0DAE47C41BCC6BCF00CC5CA4 /* Sources */,
				0DAE47C51BCC6BCF00CC5CA4 /* Frameworks */,
				0DAE47C61BCC6BCF00CC5CA4 /* Resources */,
			);
			buildRules = (
			);
			dependencies = (
				0DAE47CA1BCC6BCF00CC5CA4 /* PBXTargetDependency */,
			);
			name = MyContactsTests;
			productName = MyContactsTests;
			productReference = 0DAE47C81BCC6BCF00CC5CA4 /* MyContactsTests.xctest */;
			productType = "com.apple.product-type.bundle.unit-test";
		};
		0DAE47D21BCC6BCF00CC5CA4 /* MyContactsUITests */ = {
			isa = PBXNativeTarget;
			buildConfigurationList = 0DAE47E21BCC6BCF00CC5CA4 /* Build configuration list for PBXNativeTarget "MyContactsUITests" */;
			buildPhases = (
				0DAE47CF1BCC6BCF00CC5CA4 /* Sources */,
				0DAE47D01BCC6BCF00CC5CA4 /* Frameworks */,
				0DAE47D11BCC6BCF00CC5CA4 /* Resources */,
			);
			buildRules = (
			);
			dependencies = (
				0DAE47D51BCC6BCF00CC5CA4 /* PBXTargetDependency */,
			);
			name = MyContactsUITests;
			productName = MyContactsUITests;
			productReference = 0DAE47D31BCC6BCF00CC5CA4 /* MyContactsUITests.xctest */;
			productType = "com.apple.product-type.bundle.ui-testing";
		};
/* End PBXNativeTarget section */

/* Begin PBXProject section */
		0DAE47A91BCC6BCF00CC5CA4 /* Project object */ = {
			isa = PBXProject;
			attributes = {
				LastUpgradeCheck = 0700;
				ORGANIZATIONNAME = "RVC Student";
				TargetAttributes = {
					0DAE47B01BCC6BCF00CC5CA4 = {
						CreatedOnToolsVersion = 7.0.1;
					};
					0DAE47C71BCC6BCF00CC5CA4 = {
						CreatedOnToolsVersion = 7.0.1;
						TestTargetID = 0DAE47B01BCC6BCF00CC5CA4;
					};
					0DAE47D21BCC6BCF00CC5CA4 = {
						CreatedOnToolsVersion = 7.0.1;
						TestTargetID = 0DAE47B01BCC6BCF00CC5CA4;
					};
				};
			};
			buildConfigurationList = 0DAE47AC1BCC6BCF00CC5CA4 /* Build configuration list for PBXProject "MyContacts" */;
			compatibilityVersion = "Xcode 3.2";
			developmentRegion = English;
			hasScannedForEncodings = 0;
			knownRegions = (
				en,
				Base,
			);
			mainGroup = 0DAE47A81BCC6BCF00CC5CA4;
			productRefGroup = 0DAE47B21BCC6BCF00CC5CA4 /* Products */;
			projectDirPath = "";
			projectRoot = "";
			targets = (
				0DAE47B01BCC6BCF00CC5CA4 /* MyContacts */,
				0DAE47C71BCC6BCF00CC5CA4 /* MyContactsTests */,
				0DAE47D21BCC6BCF00CC5CA4 /* MyContactsUITests */,
			);
		};
/* End PBXProject section */

/* Begin PBXResourcesBuildPhase section */
		0DAE47AF1BCC6BCF00CC5CA4 /* Resources */ = {
			isa = PBXResourcesBuildPhase;
			buildActionMask = 2147483647;
			files = (
				0DAE47C21BCC6BCF00CC5CA4 /* LaunchScreen.storyboard in Resources */,
				0DAE47BF1BCC6BCF00CC5CA4 /* Assets.xcassets in Resources */,
				0DAE47BA1BCC6BCF00CC5CA4 /* Main.storyboard in Resources */,
			);
			runOnlyForDeploymentPostprocessing = 0;
		};
		0DAE47C61BCC6BCF00CC5CA4 /* Resources */ = {
			isa = PBXResourcesBuildPhase;
			buildActionMask = 2147483647;
			files = (
			);
			runOnlyForDeploymentPostprocessing = 0;
		};
		0DAE47D11BCC6BCF00CC5CA4 /* Resources */ = {
			isa = PBXResourcesBuildPhase;
			buildActionMask = 2147483647;
			files = (
			);
			runOnlyForDeploymentPostprocessing = 0;
		};
/* End PBXResourcesBuildPhase section */

/* Begin PBXSourcesBuildPhase section */
		0DAE47AD1BCC6BCF00CC5CA4 /* Sources */ = {
			isa = PBXSourcesBuildPhase;
			buildActionMask = 2147483647;
			files = (
				0DAE47E71BCC6C2100CC5CA4 /* Contact+CoreDataProperties.swift in Sources */,
				0DAE47B71BCC6BCF00CC5CA4 /* ViewController.swift in Sources */,
				0DAE47EA1BCC7DBC00CC5CA4 /* ContactTableViewController.swift in Sources */,
				0DAE47E81BCC6C2100CC5CA4 /* Contact.swift in Sources */,
				0DAE47B51BCC6BCF00CC5CA4 /* AppDelegate.swift in Sources */,
				0DAE47BD1BCC6BCF00CC5CA4 /* MyContacts.xcdatamodeld in Sources */,
			);
			runOnlyForDeploymentPostprocessing = 0;
		};
		0DAE47C41BCC6BCF00CC5CA4 /* Sources */ = {
			isa = PBXSourcesBuildPhase;
			buildActionMask = 2147483647;
			files = (
				0DAE47CD1BCC6BCF00CC5CA4 /* MyContactsTests.swift in Sources */,
			);
			runOnlyForDeploymentPostprocessing = 0;
		};
		0DAE47CF1BCC6BCF00CC5CA4 /* Sources */ = {
			isa = PBXSourcesBuildPhase;
			buildActionMask = 2147483647;
			files = (
				0DAE47D81BCC6BCF00CC5CA4 /* MyContactsUITests.swift in Sources */,
			);
			runOnlyForDeploymentPostprocessing = 0;
		};
/* End PBXSourcesBuildPhase section */

/* Begin PBXTargetDependency section */
		0DAE47CA1BCC6BCF00CC5CA4 /* PBXTargetDependency */ = {
			isa = PBXTargetDependency;
			target = 0DAE47B01BCC6BCF00CC5CA4 /* MyContacts */;
			targetProxy = 0DAE47C91BCC6BCF00CC5CA4 /* PBXContainerItemProxy */;
		};
		0DAE47D51BCC6BCF00CC5CA4 /* PBXTargetDependency */ = {
			isa = PBXTargetDependency;
			target = 0DAE47B01BCC6BCF00CC5CA4 /* MyContacts */;
			targetProxy = 0DAE47D41BCC6BCF00CC5CA4 /* PBXContainerItemProxy */;
		};
/* End PBXTargetDependency section */

/* Begin PBXVariantGroup section */
		0DAE47B81BCC6BCF00CC5CA4 /* Main.storyboard */ = {
			isa = PBXVariantGroup;
			children = (
				0DAE47B91BCC6BCF00CC5CA4 /* Base */,
			);
			name = Main.storyboard;
			sourceTree = "<group>";
		};
		0DAE47C01BCC6BCF00CC5CA4 /* LaunchScreen.storyboard */ = {
			isa = PBXVariantGroup;
			children = (
				0DAE47C11BCC6BCF00CC5CA4 /* Base */,
			);
			name = LaunchScreen.storyboard;
			sourceTree = "<group>";
		};
/* End PBXVariantGroup section */

/* Begin XCBuildConfiguration section */
		0DAE47DA1BCC6BCF00CC5CA4 /* Debug */ = {
			isa = XCBuildConfiguration;
			buildSettings = {
				ALWAYS_SEARCH_USER_PATHS = NO;
				CLANG_CXX_LANGUAGE_STANDARD = "gnu++0x";
				CLANG_CXX_LIBRARY = "libc++";
				CLANG_ENABLE_MODULES = YES;
				CLANG_ENABLE_OBJC_ARC = YES;
				CLANG_WARN_BOOL_CONVERSION = YES;
				CLANG_WARN_CONSTANT_CONVERSION = YES;
				CLANG_WARN_DIRECT_OBJC_ISA_USAGE = YES_ERROR;
				CLANG_WARN_EMPTY_BODY = YES;
				CLANG_WARN_ENUM_CONVERSION = YES;
				CLANG_WARN_INT_CONVERSION = YES;
				CLANG_WARN_OBJC_ROOT_CLASS = YES_ERROR;
				CLANG_WARN_UNREACHABLE_CODE = YES;
				CLANG_WARN__DUPLICATE_METHOD_MATCH = YES;
				"CODE_SIGN_IDENTITY[sdk=iphoneos*]" = "iPhone Developer";
				COPY_PHASE_STRIP = NO;
				DEBUG_INFORMATION_FORMAT = dwarf;
				ENABLE_STRICT_OBJC_MSGSEND = YES;
				ENABLE_TESTABILITY = YES;
				GCC_C_LANGUAGE_STANDARD = gnu99;
				GCC_DYNAMIC_NO_PIC = NO;
				GCC_NO_COMMON_BLOCKS = YES;
				GCC_OPTIMIZATION_LEVEL = 0;
				GCC_PREPROCESSOR_DEFINITIONS = (
					"DEBUG=1",
					"$(inherited)",
				);
				GCC_WARN_64_TO_32_BIT_CONVERSION = YES;
				GCC_WARN_ABOUT_RETURN_TYPE = YES_ERROR;
				GCC_WARN_UNDECLARED_SELECTOR = YES;
				GCC_WARN_UNINITIALIZED_AUTOS = YES_AGGRESSIVE;
				GCC_WARN_UNUSED_FUNCTION = YES;
				GCC_WARN_UNUSED_VARIABLE = YES;
				IPHONEOS_DEPLOYMENT_TARGET = 9.0;
				MTL_ENABLE_DEBUG_INFO = YES;
				ONLY_ACTIVE_ARCH = YES;
				SDKROOT = iphoneos;
				SWIFT_OPTIMIZATION_LEVEL = "-Onone";
				TARGETED_DEVICE_FAMILY = "1,2";
			};
			name = Debug;
		};
		0DAE47DB1BCC6BCF00CC5CA4 /* Release */ = {
			isa = XCBuildConfiguration;
			buildSettings = {
				ALWAYS_SEARCH_USER_PATHS = NO;
				CLANG_CXX_LANGUAGE_STANDARD = "gnu++0x";
				CLANG_CXX_LIBRARY = "libc++";
				CLANG_ENABLE_MODULES = YES;
				CLANG_ENABLE_OBJC_ARC = YES;
				CLANG_WARN_BOOL_CONVERSION = YES;
				CLANG_WARN_CONSTANT_CONVERSION = YES;
				CLANG_WARN_DIRECT_OBJC_ISA_USAGE = YES_ERROR;
				CLANG_WARN_EMPTY_BODY = YES;
				CLANG_WARN_ENUM_CONVERSION = YES;
				CLANG_WARN_INT_CONVERSION = YES;
				CLANG_WARN_OBJC_ROOT_CLASS = YES_ERROR;
				CLANG_WARN_UNREACHABLE_CODE = YES;
				CLANG_WARN__DUPLICATE_METHOD_MATCH = YES;
				"CODE_SIGN_IDENTITY[sdk=iphoneos*]" = "iPhone Developer";
				COPY_PHASE_STRIP = NO;
				DEBUG_INFORMATION_FORMAT = "dwarf-with-dsym";
				ENABLE_NS_ASSERTIONS = NO;
				ENABLE_STRICT_OBJC_MSGSEND = YES;
				GCC_C_LANGUAGE_STANDARD = gnu99;
				GCC_NO_COMMON_BLOCKS = YES;
				GCC_WARN_64_TO_32_BIT_CONVERSION = YES;
				GCC_WARN_ABOUT_RETURN_TYPE = YES_ERROR;
				GCC_WARN_UNDECLARED_SELECTOR = YES;
				GCC_WARN_UNINITIALIZED_AUTOS = YES_AGGRESSIVE;
				GCC_WARN_UNUSED_FUNCTION = YES;
				GCC_WARN_UNUSED_VARIABLE = YES;
				IPHONEOS_DEPLOYMENT_TARGET = 9.0;
				MTL_ENABLE_DEBUG_INFO = NO;
				SDKROOT = iphoneos;
				TARGETED_DEVICE_FAMILY = "1,2";
				VALIDATE_PRODUCT = YES;
			};
			name = Release;
		};
		0DAE47DD1BCC6BCF00CC5CA4 /* Debug */ = {
			isa = XCBuildConfiguration;
			buildSettings = {
				ASSETCATALOG_COMPILER_APPICON_NAME = AppIcon;
				INFOPLIST_FILE = MyContacts/Info.plist;
				LD_RUNPATH_SEARCH_PATHS = "$(inherited) @executable_path/Frameworks";
				PRODUCT_BUNDLE_IDENTIFIER = edu.rockvallleycollege.MyContacts;
				PRODUCT_NAME = "$(TARGET_NAME)";
			};
			name = Debug;
		};
		0DAE47DE1BCC6BCF00CC5CA4 /* Release */ = {
			isa = XCBuildConfiguration;
			buildSettings = {
				ASSETCATALOG_COMPILER_APPICON_NAME = AppIcon;
				INFOPLIST_FILE = MyContacts/Info.plist;
				LD_RUNPATH_SEARCH_PATHS = "$(inherited) @executable_path/Frameworks";
				PRODUCT_BUNDLE_IDENTIFIER = edu.rockvallleycollege.MyContacts;
				PRODUCT_NAME = "$(TARGET_NAME)";
			};
			name = Release;
		};
		0DAE47E01BCC6BCF00CC5CA4 /* Debug */ = {
			isa = XCBuildConfiguration;
			buildSettings = {
				BUNDLE_LOADER = "$(TEST_HOST)";
				INFOPLIST_FILE = MyContactsTests/Info.plist;
				LD_RUNPATH_SEARCH_PATHS = "$(inherited) @executable_path/Frameworks @loader_path/Frameworks";
				PRODUCT_BUNDLE_IDENTIFIER = edu.rockvallleycollege.MyContactsTests;
				PRODUCT_NAME = "$(TARGET_NAME)";
				TEST_HOST = "$(BUILT_PRODUCTS_DIR)/MyContacts.app/MyContacts";
			};
			name = Debug;
		};
		0DAE47E11BCC6BCF00CC5CA4 /* Release */ = {
			isa = XCBuildConfiguration;
			buildSettings = {
				BUNDLE_LOADER = "$(TEST_HOST)";
				INFOPLIST_FILE = MyContactsTests/Info.plist;
				LD_RUNPATH_SEARCH_PATHS = "$(inherited) @executable_path/Frameworks @loader_path/Frameworks";
				PRODUCT_BUNDLE_IDENTIFIER = edu.rockvallleycollege.MyContactsTests;
				PRODUCT_NAME = "$(TARGET_NAME)";
				TEST_HOST = "$(BUILT_PRODUCTS_DIR)/MyContacts.app/MyContacts";
			};
			name = Release;
		};
		0DAE47E31BCC6BCF00CC5CA4 /* Debug */ = {
			isa = XCBuildConfiguration;
			buildSettings = {
				INFOPLIST_FILE = MyContactsUITests/Info.plist;
				LD_RUNPATH_SEARCH_PATHS = "$(inherited) @executable_path/Frameworks @loader_path/Frameworks";
				PRODUCT_BUNDLE_IDENTIFIER = edu.rockvallleycollege.MyContactsUITests;
				PRODUCT_NAME = "$(TARGET_NAME)";
				TEST_TARGET_NAME = MyContacts;
				USES_XCTRUNNER = YES;
			};
			name = Debug;
		};
		0DAE47E41BCC6BCF00CC5CA4 /* Release */ = {
			isa = XCBuildConfiguration;
			buildSettings = {
				INFOPLIST_FILE = MyContactsUITests/Info.plist;
				LD_RUNPATH_SEARCH_PATHS = "$(inherited) @executable_path/Frameworks @loader_path/Frameworks";
				PRODUCT_BUNDLE_IDENTIFIER = edu.rockvallleycollege.MyContactsUITests;
				PRODUCT_NAME = "$(TARGET_NAME)";
				TEST_TARGET_NAME = MyContacts;
				USES_XCTRUNNER = YES;
			};
			name = Release;
		};
/* End XCBuildConfiguration section */

/* Begin XCConfigurationList section */
		0DAE47AC1BCC6BCF00CC5CA4 /* Build configuration list for PBXProject "MyContacts" */ = {
			isa = XCConfigurationList;
			buildConfigurations = (
				0DAE47DA1BCC6BCF00CC5CA4 /* Debug */,
				0DAE47DB1BCC6BCF00CC5CA4 /* Release */,
			);
			defaultConfigurationIsVisible = 0;
			defaultConfigurationName = Release;
		};
		0DAE47DC1BCC6BCF00CC5CA4 /* Build configuration list for PBXNativeTarget "MyContacts" */ = {
			isa = XCConfigurationList;
			buildConfigurations = (
				0DAE47DD1BCC6BCF00CC5CA4 /* Debug */,
				0DAE47DE1BCC6BCF00CC5CA4 /* Release */,
			);
			defaultConfigurationIsVisible = 0;
		};
		0DAE47DF1BCC6BCF00CC5CA4 /* Build configuration list for PBXNativeTarget "MyContactsTests" */ = {
			isa = XCConfigurationList;
			buildConfigurations = (
				0DAE47E01BCC6BCF00CC5CA4 /* Debug */,
				0DAE47E11BCC6BCF00CC5CA4 /* Release */,
			);
			defaultConfigurationIsVisible = 0;
		};
		0DAE47E21BCC6BCF00CC5CA4 /* Build configuration list for PBXNativeTarget "MyContactsUITests" */ = {
			isa = XCConfigurationList;
			buildConfigurations = (
				0DAE47E31BCC6BCF00CC5CA4 /* Debug */,
				0DAE47E41BCC6BCF00CC5CA4 /* Release */,
			);
			defaultConfigurationIsVisible = 0;
		};
/* End XCConfigurationList section */

/* Begin XCVersionGroup section */
		0DAE47BB1BCC6BCF00CC5CA4 /* MyContacts.xcdatamodeld */ = {
			isa = XCVersionGroup;
			children = (
				0DAE47BC1BCC6BCF00CC5CA4 /* MyContacts.xcdatamodel */,
			);
			currentVersion = 0DAE47BC1BCC6BCF00CC5CA4 /* MyContacts.xcdatamodel */;
			path = MyContacts.xcdatamodeld;
			sourceTree = "<group>";
			versionGroupType = wrapper.xcdatamodel;
		};
/* End XCVersionGroup section */
	};
	rootObject = 0DAE47A91BCC6BCF00CC5CA4 /* Project object */;
}
